<Solution>
  <Project Path="../../../../../../../../SDKDevSign/Training/WPFTutorial/WPFTutorial/Calc2/Calc2.csproj" Id="e7a32f47-038f-4b31-9f63-2122ffeedb37" />
  <Project Path="../../../../../../../../SDKDevSign/Training/WPFTutorial/WPFTutorial/WpfApp1/SDK.csproj" />
  <Project Path="../../../../../../../../SDKDevSign/Training/WPFTutorial/WPFTutorial/WPFTutorial/Calculator.csproj" />
  <Project Path="../../../../../../../../SDKDevSign/Training/WPFTutorial/WPFTutorial/YT/YT.csproj" Id="2a79c94e-c771-4bce-80b4-acb00c9112a2" />
</Solution>
